// !$*UTF8*$!
{
	archiveVersion = 1;
	classes = {
	};
	objectVersion = 77;
	objects = {

/* Begin PBXBuildFile section */
		E18366572FA70BCF0073DFF1 /* GoogleService-Info.plist in Resources */ = {isa = PBXBuildFile; fileRef = E18366562FA70BCF0073DFF1 /* GoogleService-Info.plist */; };
		E183665A2FA70E010073DFF1 /* FirebaseAI in Frameworks */ = {isa = PBXBuildFile; productRef = E18366592FA70E010073DFF1 /* FirebaseAI */; };
		E183665C2FA70E010073DFF1 /* FirebaseAnalytics in Frameworks */ = {isa = PBXBuildFile; productRef = E183665B2FA70E010073DFF1 /* FirebaseAnalytics */; };
		E183665E2FA70E010073DFF1 /* FirebaseAnalyticsCore in Frameworks */ = {isa = PBXBuildFile; productRef = E183665D2FA70E010073DFF1 /* FirebaseAnalyticsCore */; };
		E18366602FA70E010073DFF1 /* FirebaseAuth in Frameworks */ = {isa = PBXBuildFile; productRef = E183665F2FA70E010073DFF1 /* FirebaseAuth */; };
		E18366622FA70E010073DFF1 /* FirebaseCore in Frameworks */ = {isa = PBXBuildFile; productRef = E18366612FA70E010073DFF1 /* FirebaseCore */; };
		E18366642FA70E010073DFF1 /* FirebaseCrashlytics in Frameworks */ = {isa = PBXBuildFile; productRef = E18366632FA70E010073DFF1 /* FirebaseCrashlytics */; };
		E18366662FA70E010073DFF1 /* FirebaseDatabase in Frameworks */ = {isa = PBXBuildFile; productRef = E18366652FA70E010073DFF1 /* FirebaseDatabase */; };
		E18366682FA70E010073DFF1 /* FirebaseFirestore in Frameworks */ = {isa = PBXBuildFile; productRef = E18366672FA70E010073DFF1 /* FirebaseFirestore */; };
		E183666A2FA70E010073DFF1 /* FirebaseFunctions in Frameworks */ = {isa = PBXBuildFile; productRef = E18366692FA70E010073DFF1 /* FirebaseFunctions */; };
		E183666C2FA70E010073DFF1 /* FirebaseInAppMessaging-Beta in Frameworks */ = {isa = PBXBuildFile; productRef = E183666B2FA70E010073DFF1 /* FirebaseInAppMessaging-Beta */; };
		E183666E2FA70E010073DFF1 /* FirebaseInstallations in Frameworks */ = {isa = PBXBuildFile; productRef = E183666D2FA70E010073DFF1 /* FirebaseInstallations */; };
		E18366702FA70E020073DFF1 /* FirebaseMessaging in Frameworks */ = {isa = PBXBuildFile; productRef = E183666F2FA70E020073DFF1 /* FirebaseMessaging */; };
		E18366722FA70E020073DFF1 /* FirebaseStorage in Frameworks */ = {isa = PBXBuildFile; productRef = E18366712FA70E020073DFF1 /* FirebaseStorage */; };
/* End PBXBuildFile section */

/* Begin PBXFileReference section */
		E120B6F12FA649BD00F99AAA /* Bounty.app */ = {isa = PBXFileReference; explicitFileType = wrapper.application; includeInIndex = 0; path = Bounty.app; sourceTree = BUILT_PRODUCTS_DIR; };
		E18366562FA70BCF0073DFF1 /* GoogleService-Info.plist */ = {isa = PBXFileReference; lastKnownFileType = text.plist.xml; path = "GoogleService-Info.plist"; sourceTree = "<group>"; };
/* End PBXFileReference section */

/* Begin PBXFileSystemSynchronizedRootGroup section */
		E120B6F32FA649BD00F99AAA /* Bounty */ = {
			isa = PBXFileSystemSynchronizedRootGroup;
			path = Bounty;
			sourceTree = "<group>";
		};
/* End PBXFileSystemSynchronizedRootGroup section */

/* Begin PBXFrameworksBuildPhase section */
		E120B6EE2FA649BD00F99AAA /* Frameworks */ = {
			isa = PBXFrameworksBuildPhase;
			buildActionMask = 2147483647;
			files = (
				E18366702FA70E020073DFF1 /* FirebaseMessaging in Frameworks */,
				E183666E2FA70E010073DFF1 /* FirebaseInstallations in Frameworks */,
				E183665C2FA70E010073DFF1 /* FirebaseAnalytics in Frameworks */,
				E18366622FA70E010073DFF1 /* FirebaseCore in Frameworks */,
				E183665E2FA70E010073DFF1 /* FirebaseAnalyticsCore in Frameworks */,
				E183666A2FA70E010073DFF1 /* FirebaseFunctions in Frameworks */,
				E18366642FA70E010073DFF1 /* FirebaseCrashlytics in Frameworks */,
				E183665A2FA70E010073DFF1 /* FirebaseAI in Frameworks */,
				E18366722FA70E020073DFF1 /* FirebaseStorage in Frameworks */,
				E18366682FA70E010073DFF1 /* FirebaseFirestore in Frameworks */,
				E18366662FA70E010073DFF1 /* FirebaseDatabase in Frameworks */,
				E18366602FA70E010073DFF1 /* FirebaseAuth in Frameworks */,
				E183666C2FA70E010073DFF1 /* FirebaseInAppMessaging-Beta in Frameworks */,
			);
			runOnlyForDeploymentPostprocessing = 0;
		};
/* End PBXFrameworksBuildPhase section */

/* Begin PBXGroup section */
		E120B6E82FA649BD00F99AAA = {
			isa = PBXGroup;
			children = (
				E18366562FA70BCF0073DFF1 /* GoogleService-Info.plist */,
				E120B6F32FA649BD00F99AAA /* Bounty */,
				E120B6F22FA649BD00F99AAA /* Products */,
			);
			sourceTree = "<group>";
		};
		E120B6F22FA649BD00F99AAA /* Products */ = {
			isa = PBXGroup;
			children = (
				E120B6F12FA649BD00F99AAA /* Bounty.app */,
			);
			name = Products;
			sourceTree = "<group>";
		};
/* End PBXGroup section */

/* Begin PBXNativeTarget section */
		E120B6F02FA649BD00F99AAA /* Bounty */ = {
			isa = PBXNativeTarget;
			buildConfigurationList = E120B6FC2FA649C200F99AAA /* Build configuration list for PBXNativeTarget "Bounty" */;
			buildPhases = (
				E120B6ED2FA649BD00F99AAA /* Sources */,
				E120B6EE2FA649BD00F99AAA /* Frameworks */,
				E120B6EF2FA649BD00F99AAA /* Resources */,
			);
			buildRules = (
			);
			dependencies = (
			);
			fileSystemSynchronizedGroups = (
				E120B6F32FA649BD00F99AAA /* Bounty */,
			);
			name = Bounty;
			packageProductDependencies = (
				E18366592FA70E010073DFF1 /* FirebaseAI */,
				E183665B2FA70E010073DFF1 /* FirebaseAnalytics */,
				E183665D2FA70E010073DFF1 /* FirebaseAnalyticsCore */,
				E183665F2FA70E010073DFF1 /* FirebaseAuth */,
				E18366612FA70E010073DFF1 /* FirebaseCore */,
				E18366632FA70E010073DFF1 /* FirebaseCrashlytics */,
				E18366652FA70E010073DFF1 /* FirebaseDatabase */,
				E18366672FA70E010073DFF1 /* FirebaseFirestore */,
				E18366692FA70E010073DFF1 /* FirebaseFunctions */,
				E183666B2FA70E010073DFF1 /* FirebaseInAppMessaging-Beta */,
				E183666D2FA70E010073DFF1 /* FirebaseInstallations */,
				E183666F2FA70E020073DFF1 /* FirebaseMessaging */,
				E18366712FA70E020073DFF1 /* FirebaseStorage */,
			);
			productName = Bounty;
			productReference = E120B6F12FA649BD00F99AAA /* Bounty.app */;
			productType = "com.apple.product-type.application";
		};
/* End PBXNativeTarget section */

/* Begin PBXProject section */
		E120B6E92FA649BD00F99AAA /* Project object */ = {
			isa = PBXProject;
			attributes = {
				BuildIndependentTargetsInParallel = 1;
				LastSwiftUpdateCheck = 2630;
				LastUpgradeCheck = 2630;
				TargetAttributes = {
					E120B6F02FA649BD00F99AAA = {
						CreatedOnToolsVersion = 26.3;
					};
				};
			};
			buildConfigurationList = E120B6EC2FA649BD00F99AAA /* Build configuration list for PBXProject "Bounty" */;
			developmentRegion = en;
			hasScannedForEncodings = 0;
			knownRegions = (
				en,
				Base,
			);
			mainGroup = E120B6E82FA649BD00F99AAA;
			minimizedProjectReferenceProxies = 1;
			packageReferences = (
				E18366582FA70E010073DFF1 /* XCRemoteSwiftPackageReference "firebase-ios-sdk" */,
			);
			preferredProjectObjectVersion = 77;
			productRefGroup = E120B6F22FA649BD00F99AAA /* Products */;
			projectDirPath = "";
			projectRoot = "";
			targets = (
				E120B6F02FA649BD00F99AAA /* Bounty */,
			);
		};
/* End PBXProject section */

/* Begin PBXResourcesBuildPhase section */
		E120B6EF2FA649BD00F99AAA /* Resources */ = {
			isa = PBXResourcesBuildPhase;
			buildActionMask = 2147483647;
			files = (
				E18366572FA70BCF0073DFF1 /* GoogleService-Info.plist in Resources */,
			);
			runOnlyForDeploymentPostprocessing = 0;
		};
/* End PBXResourcesBuildPhase section */

/* Begin PBXSourcesBuildPhase section */
		E120B6ED2FA649BD00F99AAA /* Sources */ = {
			isa = PBXSourcesBuildPhase;
			buildActionMask = 2147483647;
			files = (
			);
			runOnlyForDeploymentPostprocessing = 0;
		};
/* End PBXSourcesBuildPhase section */

/* Begin XCBuildConfiguration section */
		E120B6FA2FA649C200F99AAA /* Debug */ = {
			isa = XCBuildConfiguration;
			buildSettings = {
				ALWAYS_SEARCH_USER_PATHS = NO;
				ASSETCATALOG_COMPILER_GENERATE_SWIFT_ASSET_SYMBOL_EXTENSIONS = YES;
				CLANG_ANALYZER_NONNULL = YES;
				CLANG_ANALYZER_NUMBER_OBJECT_CONVERSION = YES_AGGRESSIVE;
				CLANG_CXX_LANGUAGE_STANDARD = "gnu++20";
				CLANG_ENABLE_MODULES = YES;
				CLANG_ENABLE_OBJC_ARC = YES;
				CLANG_ENABLE_OBJC_WEAK = YES;
				CLANG_WARN_BLOCK_CAPTURE_AUTORELEASING = YES;
				CLANG_WARN_BOOL_CONVERSION = YES;
				CLANG_WARN_COMMA = YES;
				CLANG_WARN_CONSTANT_CONVERSION = YES;
				CLANG_WARN_DEPRECATED_OBJC_IMPLEMENTATIONS = YES;
				CLANG_WARN_DIRECT_OBJC_ISA_USAGE = YES_ERROR;
				CLANG_WARN_DOCUMENTATION_COMMENTS = YES;
				CLANG_WARN_EMPTY_BODY = YES;
				CLANG_WARN_ENUM_CONVERSION = YES;
				CLANG_WARN_INFINITE_RECURSION = YES;
				CLANG_WARN_INT_CONVERSION = YES;
				CLANG_WARN_NON_LITERAL_NULL_CONVERSION = YES;
				CLANG_WARN_OBJC_IMPLICIT_RETAIN_SELF = YES;
				CLANG_WARN_OBJC_LITERAL_CONVERSION = YES;
				CLANG_WARN_OBJC_ROOT_CLASS = YES_ERROR;
				CLANG_WARN_QUOTED_INCLUDE_IN_FRAMEWORK_HEADER = YES;
				CLANG_WARN_RANGE_LOOP_ANALYSIS = YES;
				CLANG_WARN_STRICT_PROTOTYPES = YES;
				CLANG_WARN_SUSPICIOUS_MOVE = YES;
				CLANG_WARN_UNGUARDED_AVAILABILITY = YES_AGGRESSIVE;
				CLANG_WARN_UNREACHABLE_CODE = YES;
				CLANG_WARN__DUPLICATE_METHOD_MATCH = YES;
				COPY_PHASE_STRIP = NO;
				DEBUG_INFORMATION_FORMAT = dwarf;
				DEVELOPMENT_TEAM = 3G46N5JLN2;
				ENABLE_STRICT_OBJC_MSGSEND = YES;
				ENABLE_TESTABILITY = YES;
				ENABLE_USER_SCRIPT_SANDBOXING = YES;
				GCC_C_LANGUAGE_STANDARD = gnu17;
				GCC_DYNAMIC_NO_PIC = NO;
				GCC_NO_COMMON_BLOCKS = YES;
				GCC_OPTIMIZATION_LEVEL = 0;
				GCC_PREPROCESSOR_DEFINITIONS = (
					"DEBUG=1",
					"$(inherited)",
				);
				GCC_WARN_64_TO_32_BIT_CONVERSION = YES;
				GCC_WARN_ABOUT_RETURN_TYPE = YES_ERROR;
				GCC_WARN_UNDECLARED_SELECTOR = YES;
				GCC_WARN_UNINITIALIZED_AUTOS = YES_AGGRESSIVE;
				GCC_WARN_UNUSED_FUNCTION = YES;
				GCC_WARN_UNUSED_VARIABLE = YES;
				LOCALIZATION_PREFERS_STRING_CATALOGS = YES;
				MTL_ENABLE_DEBUG_INFO = INCLUDE_SOURCE;
				MTL_FAST_MATH = YES;
				ONLY_ACTIVE_ARCH = YES;
				SWIFT_ACTIVE_COMPILATION_CONDITIONS = "DEBUG $(inherited)";
				SWIFT_OPTIMIZATION_LEVEL = "-Onone";
			};
			name = Debug;
		};
		E120B6FB2FA649C200F99AAA /* Release */ = {
			isa = XCBuildConfiguration;
			buildSettings = {
				ALWAYS_SEARCH_USER_PATHS = NO;
				ASSETCATALOG_COMPILER_GENERATE_SWIFT_ASSET_SYMBOL_EXTENSIONS = YES;
				CLANG_ANALYZER_NONNULL = YES;
				CLANG_ANALYZER_NUMBER_OBJECT_CONVERSION = YES_AGGRESSIVE;
				CLANG_CXX_LANGUAGE_STANDARD = "gnu++20";
				CLANG_ENABLE_MODULES = YES;
				CLANG_ENABLE_OBJC_ARC = YES;
				CLANG_ENABLE_OBJC_WEAK = YES;
				CLANG_WARN_BLOCK_CAPTURE_AUTORELEASING = YES;
				CLANG_WARN_BOOL_CONVERSION = YES;
				CLANG_WARN_COMMA = YES;
				CLANG_WARN_CONSTANT_CONVERSION = YES;
				CLANG_WARN_DEPRECATED_OBJC_IMPLEMENTATIONS = YES;
				CLANG_WARN_DIRECT_OBJC_ISA_USAGE = YES_ERROR;
				CLANG_WARN_DOCUMENTATION_COMMENTS = YES;
				CLANG_WARN_EMPTY_BODY = YES;
				CLANG_WARN_ENUM_CONVERSION = YES;
				CLANG_WARN_INFINITE_RECURSION = YES;
				CLANG_WARN_INT_CONVERSION = YES;
				CLANG_WARN_NON_LITERAL_NULL_CONVERSION = YES;
				CLANG_WARN_OBJC_IMPLICIT_RETAIN_SELF = YES;
				CLANG_WARN_OBJC_LITERAL_CONVERSION = YES;
				CLANG_WARN_OBJC_ROOT_CLASS = YES_ERROR;
				CLANG_WARN_QUOTED_INCLUDE_IN_FRAMEWORK_HEADER = YES;
				CLANG_WARN_RANGE_LOOP_ANALYSIS = YES;
				CLANG_WARN_STRICT_PROTOTYPES = YES;
				CLANG_WARN_SUSPICIOUS_MOVE = YES;
				CLANG_WARN_UNGUARDED_AVAILABILITY = YES_AGGRESSIVE;
				CLANG_WARN_UNREACHABLE_CODE = YES;
				CLANG_WARN__DUPLICATE_METHOD_MATCH = YES;
				COPY_PHASE_STRIP = NO;
				DEBUG_INFORMATION_FORMAT = "dwarf-with-dsym";
				DEVELOPMENT_TEAM = 3G46N5JLN2;
				ENABLE_NS_ASSERTIONS = NO;
				ENABLE_STRICT_OBJC_MSGSEND = YES;
				ENABLE_USER_SCRIPT_SANDBOXING = YES;
				GCC_C_LANGUAGE_STANDARD = gnu17;
				GCC_NO_COMMON_BLOCKS = YES;
				GCC_WARN_64_TO_32_BIT_CONVERSION = YES;
				GCC_WARN_ABOUT_RETURN_TYPE = YES_ERROR;
				GCC_WARN_UNDECLARED_SELECTOR = YES;
				GCC_WARN_UNINITIALIZED_AUTOS = YES_AGGRESSIVE;
				GCC_WARN_UNUSED_FUNCTION = YES;
				GCC_WARN_UNUSED_VARIABLE = YES;
				LOCALIZATION_PREFERS_STRING_CATALOGS = YES;
				MTL_ENABLE_DEBUG_INFO = NO;
				MTL_FAST_MATH = YES;
				SWIFT_COMPILATION_MODE = wholemodule;
			};
			name = Release;
		};
		E120B6FD2FA649C200F99AAA /* Debug */ = {
			isa = XCBuildConfiguration;
			buildSettings = {
				ASSETCATALOG_COMPILER_APPICON_NAME = AppIcon;
				ASSETCATALOG_COMPILER_GLOBAL_ACCENT_COLOR_NAME = AccentColor;
				CODE_SIGN_STYLE = Automatic;
				CURRENT_PROJECT_VERSION = 1;
				DEVELOPMENT_TEAM = 3G46N5JLN2;
				ENABLE_APP_SANDBOX = YES;
				ENABLE_HARDENED_RUNTIME = YES;
				ENABLE_PREVIEWS = YES;
				ENABLE_USER_SELECTED_FILES = readonly;
				GENERATE_INFOPLIST_FILE = YES;
				"INFOPLIST_KEY_UIApplicationSceneManifest_Generation[sdk=iphoneos*]" = YES;
				"INFOPLIST_KEY_UIApplicationSceneManifest_Generation[sdk=iphonesimulator*]" = YES;
				"INFOPLIST_KEY_UIApplicationSupportsIndirectInputEvents[sdk=iphoneos*]" = YES;
				"INFOPLIST_KEY_UIApplicationSupportsIndirectInputEvents[sdk=iphonesimulator*]" = YES;
				"INFOPLIST_KEY_UILaunchScreen_Generation[sdk=iphoneos*]" = YES;
				"INFOPLIST_KEY_UILaunchScreen_Generation[sdk=iphonesimulator*]" = YES;
				"INFOPLIST_KEY_UIStatusBarStyle[sdk=iphoneos*]" = UIStatusBarStyleDefault;
				"INFOPLIST_KEY_UIStatusBarStyle[sdk=iphonesimulator*]" = UIStatusBarStyleDefault;
				INFOPLIST_KEY_UISupportedInterfaceOrientations_iPad = "UIInterfaceOrientationPortrait UIInterfaceOrientationPortraitUpsideDown UIInterfaceOrientationLandscapeLeft UIInterfaceOrientationLandscapeRight";
				INFOPLIST_KEY_UISupportedInterfaceOrientations_iPhone = "UIInterfaceOrientationPortrait UIInterfaceOrientationLandscapeLeft UIInterfaceOrientationLandscapeRight";
				IPHONEOS_DEPLOYMENT_TARGET = 26.2;
				LD_RUNPATH_SEARCH_PATHS = "@executable_path/Frameworks";
				"LD_RUNPATH_SEARCH_PATHS[sdk=macosx*]" = "@executable_path/../Frameworks";
				MACOSX_DEPLOYMENT_TARGET = 15.7;
				MARKETING_VERSION = 1.0;
				PRODUCT_BUNDLE_IDENTIFIER = bitdegree.Bounty;
				PRODUCT_NAME = "$(TARGET_NAME)";
				REGISTER_APP_GROUPS = YES;
				SDKROOT = auto;
				STRING_CATALOG_GENERATE_SYMBOLS = YES;
				SUPPORTED_PLATFORMS = "iphoneos iphonesimulator macosx xros xrsimulator";
				SWIFT_APPROACHABLE_CONCURRENCY = YES;
				SWIFT_DEFAULT_ACTOR_ISOLATION = MainActor;
				SWIFT_EMIT_LOC_STRINGS = YES;
				SWIFT_UPCOMING_FEATURE_MEMBER_IMPORT_VISIBILITY = YES;
				SWIFT_VERSION = 5.0;
				TARGETED_DEVICE_FAMILY = "1,2,7";
				XROS_DEPLOYMENT_TARGET = 26.2;
			};
			name = Debug;
		};
		E120B6FE2FA649C200F99AAA /* Release */ = {
			isa = XCBuildConfiguration;
			buildSettings = {
				ASSETCATALOG_COMPILER_APPICON_NAME = AppIcon;
				ASSETCATALOG_COMPILER_GLOBAL_ACCENT_COLOR_NAME = AccentColor;
				CODE_SIGN_STYLE = Automatic;
				CURRENT_PROJECT_VERSION = 1;
				DEVELOPMENT_TEAM = 3G46N5JLN2;
				ENABLE_APP_SANDBOX = YES;
				ENABLE_HARDENED_RUNTIME = YES;
				ENABLE_PREVIEWS = YES;
				ENABLE_USER_SELECTED_FILES = readonly;
				GENERATE_INFOPLIST_FILE = YES;
				"INFOPLIST_KEY_UIApplicationSceneManifest_Generation[sdk=iphoneos*]" = YES;
				"INFOPLIST_KEY_UIApplicationSceneManifest_Generation[sdk=iphonesimulator*]" = YES;
				"INFOPLIST_KEY_UIApplicationSupportsIndirectInputEvents[sdk=iphoneos*]" = YES;
				"INFOPLIST_KEY_UIApplicationSupportsIndirectInputEvents[sdk=iphonesimulator*]" = YES;
				"INFOPLIST_KEY_UILaunchScreen_Generation[sdk=iphoneos*]" = YES;
				"INFOPLIST_KEY_UILaunchScreen_Generation[sdk=iphonesimulator*]" = YES;
				"INFOPLIST_KEY_UIStatusBarStyle[sdk=iphoneos*]" = UIStatusBarStyleDefault;
				"INFOPLIST_KEY_UIStatusBarStyle[sdk=iphonesimulator*]" = UIStatusBarStyleDefault;
				INFOPLIST_KEY_UISupportedInterfaceOrientations_iPad = "UIInterfaceOrientationPortrait UIInterfaceOrientationPortraitUpsideDown UIInterfaceOrientationLandscapeLeft UIInterfaceOrientationLandscapeRight";
				INFOPLIST_KEY_UISupportedInterfaceOrientations_iPhone = "UIInterfaceOrientationPortrait UIInterfaceOrientationLandscapeLeft UIInterfaceOrientationLandscapeRight";
				IPHONEOS_DEPLOYMENT_TARGET = 26.2;
				LD_RUNPATH_SEARCH_PATHS = "@executable_path/Frameworks";
				"LD_RUNPATH_SEARCH_PATHS[sdk=macosx*]" = "@executable_path/../Frameworks";
				MACOSX_DEPLOYMENT_TARGET = 15.7;
				MARKETING_VERSION = 1.0;
				PRODUCT_BUNDLE_IDENTIFIER = bitdegree.Bounty;
				PRODUCT_NAME = "$(TARGET_NAME)";
				REGISTER_APP_GROUPS = YES;
				SDKROOT = auto;
				STRING_CATALOG_GENERATE_SYMBOLS = YES;
				SUPPORTED_PLATFORMS = "iphoneos iphonesimulator macosx xros xrsimulator";
				SWIFT_APPROACHABLE_CONCURRENCY = YES;
				SWIFT_DEFAULT_ACTOR_ISOLATION = MainActor;
				SWIFT_EMIT_LOC_STRINGS = YES;
				SWIFT_UPCOMING_FEATURE_MEMBER_IMPORT_VISIBILITY = YES;
				SWIFT_VERSION = 5.0;
				TARGETED_DEVICE_FAMILY = "1,2,7";
				XROS_DEPLOYMENT_TARGET = 26.2;
			};
			name = Release;
		};
/* End XCBuildConfiguration section */

/* Begin XCConfigurationList section */
		E120B6EC2FA649BD00F99AAA /* Build configuration list for PBXProject "Bounty" */ = {
			isa = XCConfigurationList;
			buildConfigurations = (
				E120B6FA2FA649C200F99AAA /* Debug */,
				E120B6FB2FA649C200F99AAA /* Release */,
			);
			defaultConfigurationIsVisible = 0;
			defaultConfigurationName = Release;
		};
		E120B6FC2FA649C200F99AAA /* Build configuration list for PBXNativeTarget "Bounty" */ = {
			isa = XCConfigurationList;
			buildConfigurations = (
				E120B6FD2FA649C200F99AAA /* Debug */,
				E120B6FE2FA649C200F99AAA /* Release */,
			);
			defaultConfigurationIsVisible = 0;
			defaultConfigurationName = Release;
		};
/* End XCConfigurationList section */

/* Begin XCRemoteSwiftPackageReference section */
		E18366582FA70E010073DFF1 /* XCRemoteSwiftPackageReference "firebase-ios-sdk" */ = {
			isa = XCRemoteSwiftPackageReference;
			repositoryURL = "https://github.com/firebase/firebase-ios-sdk";
			requirement = {
				kind = upToNextMajorVersion;
				minimumVersion = 12.12.1;
			};
		};
/* End XCRemoteSwiftPackageReference section */

/* Begin XCSwiftPackageProductDependency section */
		E18366592FA70E010073DFF1 /* FirebaseAI */ = {
			isa = XCSwiftPackageProductDependency;
			package = E18366582FA70E010073DFF1 /* XCRemoteSwiftPackageReference "firebase-ios-sdk" */;
			productName = FirebaseAI;
		};
		E183665B2FA70E010073DFF1 /* FirebaseAnalytics */ = {
			isa = XCSwiftPackageProductDependency;
			package = E18366582FA70E010073DFF1 /* XCRemoteSwiftPackageReference "firebase-ios-sdk" */;
			productName = FirebaseAnalytics;
		};
		E183665D2FA70E010073DFF1 /* FirebaseAnalyticsCore */ = {
			isa = XCSwiftPackageProductDependency;
			package = E18366582FA70E010073DFF1 /* XCRemoteSwiftPackageReference "firebase-ios-sdk" */;
			productName = FirebaseAnalyticsCore;
		};
		E183665F2FA70E010073DFF1 /* FirebaseAuth */ = {
			isa = XCSwiftPackageProductDependency;
			package = E18366582FA70E010073DFF1 /* XCRemoteSwiftPackageReference "firebase-ios-sdk" */;
			productName = FirebaseAuth;
		};
		E18366612FA70E010073DFF1 /* FirebaseCore */ = {
			isa = XCSwiftPackageProductDependency;
			package = E18366582FA70E010073DFF1 /* XCRemoteSwiftPackageReference "firebase-ios-sdk" */;
			productName = FirebaseCore;
		};
		E18366632FA70E010073DFF1 /* FirebaseCrashlytics */ = {
			isa = XCSwiftPackageProductDependency;
			package = E18366582FA70E010073DFF1 /* XCRemoteSwiftPackageReference "firebase-ios-sdk" */;
			productName = FirebaseCrashlytics;
		};
		E18366652FA70E010073DFF1 /* FirebaseDatabase */ = {
			isa = XCSwiftPackageProductDependency;
			package = E18366582FA70E010073DFF1 /* XCRemoteSwiftPackageReference "firebase-ios-sdk" */;
			productName = FirebaseDatabase;
		};
		E18366672FA70E010073DFF1 /* FirebaseFirestore */ = {
			isa = XCSwiftPackageProductDependency;
			package = E18366582FA70E010073DFF1 /* XCRemoteSwiftPackageReference "firebase-ios-sdk" */;
			productName = FirebaseFirestore;
		};
		E18366692FA70E010073DFF1 /* FirebaseFunctions */ = {
			isa = XCSwiftPackageProductDependency;
			package = E18366582FA70E010073DFF1 /* XCRemoteSwiftPackageReference "firebase-ios-sdk" */;
			productName = FirebaseFunctions;
		};
		E183666B2FA70E010073DFF1 /* FirebaseInAppMessaging-Beta */ = {
			isa = XCSwiftPackageProductDependency;
			package = E18366582FA70E010073DFF1 /* XCRemoteSwiftPackageReference "firebase-ios-sdk" */;
			productName = "FirebaseInAppMessaging-Beta";
		};
		E183666D2FA70E010073DFF1 /* FirebaseInstallations */ = {
			isa = XCSwiftPackageProductDependency;
			package = E18366582FA70E010073DFF1 /* XCRemoteSwiftPackageReference "firebase-ios-sdk" */;
			productName = FirebaseInstallations;
		};
		E183666F2FA70E020073DFF1 /* FirebaseMessaging */ = {
			isa = XCSwiftPackageProductDependency;
			package = E18366582FA70E010073DFF1 /* XCRemoteSwiftPackageReference "firebase-ios-sdk" */;
			productName = FirebaseMessaging;
		};
		E18366712FA70E020073DFF1 /* FirebaseStorage */ = {
			isa = XCSwiftPackageProductDependency;
			package = E18366582FA70E010073DFF1 /* XCRemoteSwiftPackageReference "firebase-ios-sdk" */;
			productName = FirebaseStorage;
		};
/* End XCSwiftPackageProductDependency section */
	};
	rootObject = E120B6E92FA649BD00F99AAA /* Project object */;
}
